
Microsoft Visual Studio Solution File, Format Version 12.00
# Visual Studio 15
Project("{FAE04EC0-301F-11D3-BF4B-00C04F79EFBC}") = "Assembly-CSharp-Editor", "Assembly-CSharp-Editor.csproj", "{7CA82840-F9C4-D115-83B7-76B7FD0E2D27}"
EndProject
Project("{FAE04EC0-301F-11D3-BF4B-00C04F79EFBC}") = "Assembly-CSharp", "Assembly-CSharp.csproj", "{E3A5D664-8BC8-DFA2-7BB2-142DC1C7F185}"
EndProject
Project("{FAE04EC0-301F-11D3-BF4B-00C04F79EFBC}") = "CodeMonkey_HealthSystem", "CodeMonkey_HealthSystem.csproj", "{42035415-2F82-5C81-A912-D4029927ABD2}"
EndProject
Project("{FAE04EC0-301F-11D3-BF4B-00C04F79EFBC}") = "CodeMonkey_HealthSystem_Editor", "CodeMonkey_HealthSystem_Editor.csproj", "{FD6F71AC-3A5C-EF11-4C89-B23CEC767E68}"
EndProject
Global
	GlobalSection(SolutionConfigurationPlatforms) = preSolution
		Debug|Any CPU = Debug|Any CPU
		Release|Any CPU = Release|Any CPU
	EndGlobalSection
	GlobalSection(ProjectConfigurationPlatforms) = postSolution
		{7CA82840-F9C4-D115-83B7-76B7FD0E2D27}.Debug|Any CPU.ActiveCfg = Debug|Any CPU
		{7CA82840-F9C4-D115-83B7-76B7FD0E2D27}.Debug|Any CPU.Build.0 = Debug|Any CPU
		{7CA82840-F9C4-D115-83B7-76B7FD0E2D27}.Release|Any CPU.ActiveCfg = Release|Any CPU
		{7CA82840-F9C4-D115-83B7-76B7FD0E2D27}.Release|Any CPU.Build.0 = Release|Any CPU
		{E3A5D664-8BC8-DFA2-7BB2-142DC1C7F185}.Debug|Any CPU.ActiveCfg = Debug|Any CPU
		{E3A5D664-8BC8-DFA2-7BB2-142DC1C7F185}.Debug|Any CPU.Build.0 = Debug|Any CPU
		{E3A5D664-8BC8-DFA2-7BB2-142DC1C7F185}.Release|Any CPU.ActiveCfg = Release|Any CPU
		{E3A5D664-8BC8-DFA2-7BB2-142DC1C7F185}.Release|Any CPU.Build.0 = Release|Any CPU
		{42035415-2F82-5C81-A912-D4029927ABD2}.Debug|Any CPU.ActiveCfg = Debug|Any CPU
		{42035415-2F82-5C81-A912-D4029927ABD2}.Debug|Any CPU.Build.0 = Debug|Any CPU
		{42035415-2F82-5C81-A912-D4029927ABD2}.Release|Any CPU.ActiveCfg = Release|Any CPU
		{42035415-2F82-5C81-A912-D4029927ABD2}.Release|Any CPU.Build.0 = Release|Any CPU
		{FD6F71AC-3A5C-EF11-4C89-B23CEC767E68}.Debug|Any CPU.ActiveCfg = Debug|Any CPU
		{FD6F71AC-3A5C-EF11-4C89-B23CEC767E68}.Debug|Any CPU.Build.0 = Debug|Any CPU
		{FD6F71AC-3A5C-EF11-4C89-B23CEC767E68}.Release|Any CPU.ActiveCfg = Release|Any CPU
		{FD6F71AC-3A5C-EF11-4C89-B23CEC767E68}.Release|Any CPU.Build.0 = Release|Any CPU
	EndGlobalSection
	GlobalSection(SolutionProperties) = preSolution
		HideSolutionNode = FALSE
	EndGlobalSection
EndGlobal
